
Microsoft Visual Studio Solution File, Format Version 12.00
# Visual Studio Version 16
VisualStudioVersion = 16.0.31112.23
MinimumVisualStudioVersion = 10.0.40219.1
Project("{9A19103F-16F7-4668-BE54-9A1E7A4F7556}") = "ExampleTestProject", "ExampleTestProject\ExampleTestProject.csproj", "{D971EB61-A611-4334-8403-013B59B76655}"
EndProject
Project("{9A19103F-16F7-4668-BE54-9A1E7A4F7556}") = "Capsaicin.UnitTesting.Generators", "Capsaicin.UnitTesting.Generators\Capsaicin.UnitTesting.Generators.csproj", "{E2ED8AD8-8446-4E4F-9A7C-5A3B2A8E72C8}"
EndProject
Project("{9A19103F-16F7-4668-BE54-9A1E7A4F7556}") = "Capsaicin.CodeAnalysis.Common", "Libraries\Capsaicin.CodeAnalysis.Common\Capsaicin.CodeAnalysis.Common\Capsaicin.CodeAnalysis.Common.csproj", "{98516516-B6C0-49C5-A5F2-1C2070B9518C}"
EndProject
Project("{9A19103F-16F7-4668-BE54-9A1E7A4F7556}") = "Capsaicin.UnitTesting", "Capsaicin.UnitTesting\Capsaicin.UnitTesting.csproj", "{45D45596-0CCD-433F-BC8D-F27D9ACC28B5}"
EndProject
Project("{FAE04EC0-301F-11D3-BF4B-00C04F79EFBC}") = "Capsaicin.CodeAnalysis.Common.Tests", "Libraries\Capsaicin.CodeAnalysis.Common\Capsaicin.CodeAnalysis.Common.Tests\Capsaicin.CodeAnalysis.Common.Tests.csproj", "{D9F15D4A-2383-463E-B91A-5DA748AC1B38}"
EndProject
Project("{FAE04EC0-301F-11D3-BF4B-00C04F79EFBC}") = "Capsaicin.UnitTesting.Tests", "Capsaicin.UnitTesting.Tests\Capsaicin.UnitTesting.Tests.csproj", "{4B1EBAC2-8E2D-417B-8D5F-FD69C522F5F5}"
EndProject
Global
	GlobalSection(SolutionConfigurationPlatforms) = preSolution
		Debug|Any CPU = Debug|Any CPU
		Release|Any CPU = Release|Any CPU
	EndGlobalSection
	GlobalSection(ProjectConfigurationPlatforms) = postSolution
		{D971EB61-A611-4334-8403-013B59B76655}.Debug|Any CPU.ActiveCfg = Debug|Any CPU
		{D971EB61-A611-4334-8403-013B59B76655}.Debug|Any CPU.Build.0 = Debug|Any CPU
		{D971EB61-A611-4334-8403-013B59B76655}.Release|Any CPU.ActiveCfg = Release|Any CPU
		{D971EB61-A611-4334-8403-013B59B76655}.Release|Any CPU.Build.0 = Release|Any CPU
		{E2ED8AD8-8446-4E4F-9A7C-5A3B2A8E72C8}.Debug|Any CPU.ActiveCfg = Debug|Any CPU
		{E2ED8AD8-8446-4E4F-9A7C-5A3B2A8E72C8}.Debug|Any CPU.Build.0 = Debug|Any CPU
		{E2ED8AD8-8446-4E4F-9A7C-5A3B2A8E72C8}.Release|Any CPU.ActiveCfg = Release|Any CPU
		{E2ED8AD8-8446-4E4F-9A7C-5A3B2A8E72C8}.Release|Any CPU.Build.0 = Release|Any CPU
		{98516516-B6C0-49C5-A5F2-1C2070B9518C}.Debug|Any CPU.ActiveCfg = Debug|Any CPU
		{98516516-B6C0-49C5-A5F2-1C2070B9518C}.Debug|Any CPU.Build.0 = Debug|Any CPU
		{98516516-B6C0-49C5-A5F2-1C2070B9518C}.Release|Any CPU.ActiveCfg = Release|Any CPU
		{98516516-B6C0-49C5-A5F2-1C2070B9518C}.Release|Any CPU.Build.0 = Release|Any CPU
		{45D45596-0CCD-433F-BC8D-F27D9ACC28B5}.Debug|Any CPU.ActiveCfg = Debug|Any CPU
		{45D45596-0CCD-433F-BC8D-F27D9ACC28B5}.Debug|Any CPU.Build.0 = Debug|Any CPU
		{45D45596-0CCD-433F-BC8D-F27D9ACC28B5}.Release|Any CPU.ActiveCfg = Release|Any CPU
		{45D45596-0CCD-433F-BC8D-F27D9ACC28B5}.Release|Any CPU.Build.0 = Release|Any CPU
		{D9F15D4A-2383-463E-B91A-5DA748AC1B38}.Debug|Any CPU.ActiveCfg = Debug|Any CPU
		{D9F15D4A-2383-463E-B91A-5DA748AC1B38}.Debug|Any CPU.Build.0 = Debug|Any CPU
		{D9F15D4A-2383-463E-B91A-5DA748AC1B38}.Release|Any CPU.ActiveCfg = Release|Any CPU
		{D9F15D4A-2383-463E-B91A-5DA748AC1B38}.Release|Any CPU.Build.0 = Release|Any CPU
		{4B1EBAC2-8E2D-417B-8D5F-FD69C522F5F5}.Debug|Any CPU.ActiveCfg = Debug|Any CPU
		{4B1EBAC2-8E2D-417B-8D5F-FD69C522F5F5}.Debug|Any CPU.Build.0 = Debug|Any CPU
		{4B1EBAC2-8E2D-417B-8D5F-FD69C522F5F5}.Release|Any CPU.ActiveCfg = Release|Any CPU
		{4B1EBAC2-8E2D-417B-8D5F-FD69C522F5F5}.Release|Any CPU.Build.0 = Release|Any CPU
	EndGlobalSection
	GlobalSection(SolutionProperties) = preSolution
		HideSolutionNode = FALSE
	EndGlobalSection
	GlobalSection(ExtensibilityGlobals) = postSolution
		SolutionGuid = {1A777278-9031-4E19-AC97-823132A844A2}
	EndGlobalSection
EndGlobal
